
Microsoft Visual Studio Solution File, Format Version 12.00
Project("{FAE04EC0-301F-11D3-BF4B-00C04F79EFBC}") = "day1", "day1\day1.csproj", "{C9C336E2-554B-43F3-97D1-845B56FBB66C}"
EndProject
Project("{FAE04EC0-301F-11D3-BF4B-00C04F79EFBC}") = "day2", "day2\day2.csproj", "{1D375C5B-13B0-451B-96A5-807B05F89CCE}"
EndProject
Project("{FAE04EC0-301F-11D3-BF4B-00C04F79EFBC}") = "day3", "day3\day3.csproj", "{CD71059A-5EC1-41FD-8623-1C9C67C7A405}"
EndProject
Project("{FAE04EC0-301F-11D3-BF4B-00C04F79EFBC}") = "day4", "day4\day4.csproj", "{7B8CFE3E-5FF5-49C4-9A6D-3D37DF436053}"
EndProject
Project("{FAE04EC0-301F-11D3-BF4B-00C04F79EFBC}") = "day5", "day5\day5.csproj", "{866C602A-2352-4644-9494-AD1C8F9D7238}"
EndProject
Project("{FAE04EC0-301F-11D3-BF4B-00C04F79EFBC}") = "day6", "day6\day6.csproj", "{8E601EBE-182F-4CC5-981D-0255788F7F01}"
EndProject
Project("{FAE04EC0-301F-11D3-BF4B-00C04F79EFBC}") = "day7", "day7\day7.csproj", "{297EC702-3B83-4222-9CEA-E0854347391C}"
EndProject
Project("{FAE04EC0-301F-11D3-BF4B-00C04F79EFBC}") = "day8", "day8\day8.csproj", "{F6B4E2FB-0656-46CC-91FD-6BD46FF93A4D}"
EndProject
Project("{FAE04EC0-301F-11D3-BF4B-00C04F79EFBC}") = "day9", "day9\day9.csproj", "{C579B684-9686-4508-97F0-E7B94D5B8A56}"
EndProject
Global
	GlobalSection(SolutionConfigurationPlatforms) = preSolution
		Debug|Any CPU = Debug|Any CPU
		Release|Any CPU = Release|Any CPU
	EndGlobalSection
	GlobalSection(ProjectConfigurationPlatforms) = postSolution
		{C9C336E2-554B-43F3-97D1-845B56FBB66C}.Debug|Any CPU.ActiveCfg = Debug|Any CPU
		{C9C336E2-554B-43F3-97D1-845B56FBB66C}.Debug|Any CPU.Build.0 = Debug|Any CPU
		{C9C336E2-554B-43F3-97D1-845B56FBB66C}.Release|Any CPU.ActiveCfg = Release|Any CPU
		{C9C336E2-554B-43F3-97D1-845B56FBB66C}.Release|Any CPU.Build.0 = Release|Any CPU
		{1D375C5B-13B0-451B-96A5-807B05F89CCE}.Debug|Any CPU.ActiveCfg = Debug|Any CPU
		{1D375C5B-13B0-451B-96A5-807B05F89CCE}.Debug|Any CPU.Build.0 = Debug|Any CPU
		{1D375C5B-13B0-451B-96A5-807B05F89CCE}.Release|Any CPU.ActiveCfg = Release|Any CPU
		{1D375C5B-13B0-451B-96A5-807B05F89CCE}.Release|Any CPU.Build.0 = Release|Any CPU
		{CD71059A-5EC1-41FD-8623-1C9C67C7A405}.Debug|Any CPU.ActiveCfg = Debug|Any CPU
		{CD71059A-5EC1-41FD-8623-1C9C67C7A405}.Debug|Any CPU.Build.0 = Debug|Any CPU
		{CD71059A-5EC1-41FD-8623-1C9C67C7A405}.Release|Any CPU.ActiveCfg = Release|Any CPU
		{CD71059A-5EC1-41FD-8623-1C9C67C7A405}.Release|Any CPU.Build.0 = Release|Any CPU
		{7B8CFE3E-5FF5-49C4-9A6D-3D37DF436053}.Debug|Any CPU.ActiveCfg = Debug|Any CPU
		{7B8CFE3E-5FF5-49C4-9A6D-3D37DF436053}.Debug|Any CPU.Build.0 = Debug|Any CPU
		{7B8CFE3E-5FF5-49C4-9A6D-3D37DF436053}.Release|Any CPU.ActiveCfg = Release|Any CPU
		{7B8CFE3E-5FF5-49C4-9A6D-3D37DF436053}.Release|Any CPU.Build.0 = Release|Any CPU
		{866C602A-2352-4644-9494-AD1C8F9D7238}.Debug|Any CPU.ActiveCfg = Debug|Any CPU
		{866C602A-2352-4644-9494-AD1C8F9D7238}.Debug|Any CPU.Build.0 = Debug|Any CPU
		{866C602A-2352-4644-9494-AD1C8F9D7238}.Release|Any CPU.ActiveCfg = Release|Any CPU
		{866C602A-2352-4644-9494-AD1C8F9D7238}.Release|Any CPU.Build.0 = Release|Any CPU
		{8E601EBE-182F-4CC5-981D-0255788F7F01}.Debug|Any CPU.ActiveCfg = Debug|Any CPU
		{8E601EBE-182F-4CC5-981D-0255788F7F01}.Debug|Any CPU.Build.0 = Debug|Any CPU
		{8E601EBE-182F-4CC5-981D-0255788F7F01}.Release|Any CPU.ActiveCfg = Release|Any CPU
		{8E601EBE-182F-4CC5-981D-0255788F7F01}.Release|Any CPU.Build.0 = Release|Any CPU
		{297EC702-3B83-4222-9CEA-E0854347391C}.Debug|Any CPU.ActiveCfg = Debug|Any CPU
		{297EC702-3B83-4222-9CEA-E0854347391C}.Debug|Any CPU.Build.0 = Debug|Any CPU
		{297EC702-3B83-4222-9CEA-E0854347391C}.Release|Any CPU.ActiveCfg = Release|Any CPU
		{297EC702-3B83-4222-9CEA-E0854347391C}.Release|Any CPU.Build.0 = Release|Any CPU
		{F6B4E2FB-0656-46CC-91FD-6BD46FF93A4D}.Debug|Any CPU.ActiveCfg = Debug|Any CPU
		{F6B4E2FB-0656-46CC-91FD-6BD46FF93A4D}.Debug|Any CPU.Build.0 = Debug|Any CPU
		{F6B4E2FB-0656-46CC-91FD-6BD46FF93A4D}.Release|Any CPU.ActiveCfg = Release|Any CPU
		{F6B4E2FB-0656-46CC-91FD-6BD46FF93A4D}.Release|Any CPU.Build.0 = Release|Any CPU
		{C579B684-9686-4508-97F0-E7B94D5B8A56}.Debug|Any CPU.ActiveCfg = Debug|Any CPU
		{C579B684-9686-4508-97F0-E7B94D5B8A56}.Debug|Any CPU.Build.0 = Debug|Any CPU
		{C579B684-9686-4508-97F0-E7B94D5B8A56}.Release|Any CPU.ActiveCfg = Release|Any CPU
		{C579B684-9686-4508-97F0-E7B94D5B8A56}.Release|Any CPU.Build.0 = Release|Any CPU
	EndGlobalSection
EndGlobal
